
Microsoft Visual Studio Solution File, Format Version 12.00
# Visual Studio 2013
VisualStudioVersion = 12.0.21005.1
MinimumVisualStudioVersion = 10.0.40219.1
Project("{FAE04EC0-301F-11D3-BF4B-00C04F79EFBC}") = "DBMS", "DBMS\DBMS.csproj", "{8BA9BF68-9E2F-4FBB-8073-3ECD3024C2EC}"
EndProject
Project("{FAE04EC0-301F-11D3-BF4B-00C04F79EFBC}") = "TestProject", "TestProject\TestProject.csproj", "{58544356-F63B-405C-8152-0274F95A41C8}"
EndProject
Global
	GlobalSection(SolutionConfigurationPlatforms) = preSolution
		Debug|Any CPU = Debug|Any CPU
		Release|Any CPU = Release|Any CPU
	EndGlobalSection
	GlobalSection(ProjectConfigurationPlatforms) = postSolution
		{8BA9BF68-9E2F-4FBB-8073-3ECD3024C2EC}.Debug|Any CPU.ActiveCfg = Debug|Any CPU
		{8BA9BF68-9E2F-4FBB-8073-3ECD3024C2EC}.Debug|Any CPU.Build.0 = Debug|Any CPU
		{8BA9BF68-9E2F-4FBB-8073-3ECD3024C2EC}.Release|Any CPU.ActiveCfg = Release|Any CPU
		{8BA9BF68-9E2F-4FBB-8073-3ECD3024C2EC}.Release|Any CPU.Build.0 = Release|Any CPU
		{58544356-F63B-405C-8152-0274F95A41C8}.Debug|Any CPU.ActiveCfg = Debug|Any CPU
		{58544356-F63B-405C-8152-0274F95A41C8}.Debug|Any CPU.Build.0 = Debug|Any CPU
		{58544356-F63B-405C-8152-0274F95A41C8}.Release|Any CPU.ActiveCfg = Release|Any CPU
		{58544356-F63B-405C-8152-0274F95A41C8}.Release|Any CPU.Build.0 = Release|Any CPU
	EndGlobalSection
	GlobalSection(SolutionProperties) = preSolution
		HideSolutionNode = FALSE
	EndGlobalSection
EndGlobal
